// !$*UTF8*$!
{
	archiveVersion = 1;
	classes = {
	};
	objectVersion = 55;
	objects = {

/* Begin PBXBuildFile section */
		A5C0A40E28B63EDF00396B20 /* Settings.swift in Sources */ = {isa = PBXBuildFile; fileRef = A5C0A40D28B63EDF00396B20 /* Settings.swift */; };
		A5CEDD4B28AC27C200302006 /* AppDelegate.swift in Sources */ = {isa = PBXBuildFile; fileRef = A5CEDD4A28AC27C200302006 /* AppDelegate.swift */; };
		A5CEDD4D28AC27C200302006 /* SceneDelegate.swift in Sources */ = {isa = PBXBuildFile; fileRef = A5CEDD4C28AC27C200302006 /* SceneDelegate.swift */; };
		A5CEDD4F28AC27C200302006 /* StartViewControler.swift in Sources */ = {isa = PBXBuildFile; fileRef = A5CEDD4E28AC27C200302006 /* StartViewControler.swift */; };
		A5CEDD5228AC27C200302006 /* Main.storyboard in Resources */ = {isa = PBXBuildFile; fileRef = A5CEDD5028AC27C200302006 /* Main.storyboard */; };
		A5CEDD5428AC27C500302006 /* Assets.xcassets in Resources */ = {isa = PBXBuildFile; fileRef = A5CEDD5328AC27C500302006 /* Assets.xcassets */; };
		A5CEDD5728AC27C500302006 /* LaunchScreen.storyboard in Resources */ = {isa = PBXBuildFile; fileRef = A5CEDD5528AC27C500302006 /* LaunchScreen.storyboard */; };
		A5CEDD6128AC282100302006 /* Card.swift in Sources */ = {isa = PBXBuildFile; fileRef = A5CEDD6028AC282100302006 /* Card.swift */; };
		A5CEDD6328AC29DD00302006 /* Answer.swift in Sources */ = {isa = PBXBuildFile; fileRef = A5CEDD6228AC29DD00302006 /* Answer.swift */; };
		A5CEDD6628AC2D1200302006 /* Test.swift in Sources */ = {isa = PBXBuildFile; fileRef = A5CEDD6528AC2D1200302006 /* Test.swift */; };
		A5CEDD6828AC313300302006 /* CardsStorage.swift in Sources */ = {isa = PBXBuildFile; fileRef = A5CEDD6728AC313300302006 /* CardsStorage.swift */; };
		A5CEDD7D28ACF31300302006 /* TestViewController.swift in Sources */ = {isa = PBXBuildFile; fileRef = A5CEDD7C28ACF31300302006 /* TestViewController.swift */; };
		A5CEDD7F28ACFC1400302006 /* Question.swift in Sources */ = {isa = PBXBuildFile; fileRef = A5CEDD7E28ACFC1400302006 /* Question.swift */; };
		A5CEDD8328AD772900302006 /* UIButtonExtension.swift in Sources */ = {isa = PBXBuildFile; fileRef = A5CEDD8228AD772900302006 /* UIButtonExtension.swift */; };
/* End PBXBuildFile section */

/* Begin PBXFileReference section */
		A5C0A40D28B63EDF00396B20 /* Settings.swift */ = {isa = PBXFileReference; lastKnownFileType = sourcecode.swift; path = Settings.swift; sourceTree = "<group>"; };
		A5CEDD4728AC27C200302006 /* USDriver.app */ = {isa = PBXFileReference; explicitFileType = wrapper.application; includeInIndex = 0; path = USDriver.app; sourceTree = BUILT_PRODUCTS_DIR; };
		A5CEDD4A28AC27C200302006 /* AppDelegate.swift */ = {isa = PBXFileReference; lastKnownFileType = sourcecode.swift; path = AppDelegate.swift; sourceTree = "<group>"; };
		A5CEDD4C28AC27C200302006 /* SceneDelegate.swift */ = {isa = PBXFileReference; lastKnownFileType = sourcecode.swift; path = SceneDelegate.swift; sourceTree = "<group>"; };
		A5CEDD4E28AC27C200302006 /* StartViewControler.swift */ = {isa = PBXFileReference; lastKnownFileType = sourcecode.swift; path = StartViewControler.swift; sourceTree = "<group>"; };
		A5CEDD5128AC27C200302006 /* Base */ = {isa = PBXFileReference; lastKnownFileType = file.storyboard; name = Base; path = Base.lproj/Main.storyboard; sourceTree = "<group>"; };
		A5CEDD5328AC27C500302006 /* Assets.xcassets */ = {isa = PBXFileReference; lastKnownFileType = folder.assetcatalog; path = Assets.xcassets; sourceTree = "<group>"; };
		A5CEDD5628AC27C500302006 /* Base */ = {isa = PBXFileReference; lastKnownFileType = file.storyboard; name = Base; path = Base.lproj/LaunchScreen.storyboard; sourceTree = "<group>"; };
		A5CEDD5828AC27C500302006 /* Info.plist */ = {isa = PBXFileReference; lastKnownFileType = text.plist.xml; path = Info.plist; sourceTree = "<group>"; };
		A5CEDD6028AC282100302006 /* Card.swift */ = {isa = PBXFileReference; lastKnownFileType = sourcecode.swift; path = Card.swift; sourceTree = "<group>"; };
		A5CEDD6228AC29DD00302006 /* Answer.swift */ = {isa = PBXFileReference; lastKnownFileType = sourcecode.swift; path = Answer.swift; sourceTree = "<group>"; };
		A5CEDD6528AC2D1200302006 /* Test.swift */ = {isa = PBXFileReference; lastKnownFileType = sourcecode.swift; path = Test.swift; sourceTree = "<group>"; };
		A5CEDD6728AC313300302006 /* CardsStorage.swift */ = {isa = PBXFileReference; lastKnownFileType = sourcecode.swift; path = CardsStorage.swift; sourceTree = "<group>"; };
		A5CEDD7C28ACF31300302006 /* TestViewController.swift */ = {isa = PBXFileReference; lastKnownFileType = sourcecode.swift; path = TestViewController.swift; sourceTree = "<group>"; };
		A5CEDD7E28ACFC1400302006 /* Question.swift */ = {isa = PBXFileReference; lastKnownFileType = sourcecode.swift; path = Question.swift; sourceTree = "<group>"; };
		A5CEDD8228AD772900302006 /* UIButtonExtension.swift */ = {isa = PBXFileReference; lastKnownFileType = sourcecode.swift; path = UIButtonExtension.swift; sourceTree = "<group>"; };
/* End PBXFileReference section */

/* Begin PBXFrameworksBuildPhase section */
		A5CEDD4428AC27C200302006 /* Frameworks */ = {
			isa = PBXFrameworksBuildPhase;
			buildActionMask = 2147483647;
			files = (
			);
			runOnlyForDeploymentPostprocessing = 0;
		};
/* End PBXFrameworksBuildPhase section */

/* Begin PBXGroup section */
		A541034A29C15AB90077FDDE /* Controller */ = {
			isa = PBXGroup;
			children = (
				A5CEDD4E28AC27C200302006 /* StartViewControler.swift */,
				A5CEDD7C28ACF31300302006 /* TestViewController.swift */,
			);
			path = Controller;
			sourceTree = "<group>";
		};
		A5CEDD3E28AC27C200302006 = {
			isa = PBXGroup;
			children = (
				A5CEDD4928AC27C200302006 /* USDriver */,
				A5CEDD4828AC27C200302006 /* Products */,
			);
			sourceTree = "<group>";
		};
		A5CEDD4828AC27C200302006 /* Products */ = {
			isa = PBXGroup;
			children = (
				A5CEDD4728AC27C200302006 /* USDriver.app */,
			);
			name = Products;
			sourceTree = "<group>";
		};
		A5CEDD4928AC27C200302006 /* USDriver */ = {
			isa = PBXGroup;
			children = (
				A5CEDD4A28AC27C200302006 /* AppDelegate.swift */,
				A5CEDD4C28AC27C200302006 /* SceneDelegate.swift */,
				A5CEDD8428AD776D00302006 /* Extension */,
				A5CEDD5E28AC27D000302006 /* Model */,
				A5CEDD5F28AC27F600302006 /* View */,
				A541034A29C15AB90077FDDE /* Controller */,
				A5CEDD5328AC27C500302006 /* Assets.xcassets */,
				A5CEDD5828AC27C500302006 /* Info.plist */,
			);
			path = USDriver;
			sourceTree = "<group>";
		};
		A5CEDD5E28AC27D000302006 /* Model */ = {
			isa = PBXGroup;
			children = (
				A5CEDD6528AC2D1200302006 /* Test.swift */,
				A5CEDD6028AC282100302006 /* Card.swift */,
				A5CEDD7E28ACFC1400302006 /* Question.swift */,
				A5CEDD6228AC29DD00302006 /* Answer.swift */,
				A5CEDD6728AC313300302006 /* CardsStorage.swift */,
				A5C0A40D28B63EDF00396B20 /* Settings.swift */,
			);
			path = Model;
			sourceTree = "<group>";
		};
		A5CEDD5F28AC27F600302006 /* View */ = {
			isa = PBXGroup;
			children = (
				A5CEDD5528AC27C500302006 /* LaunchScreen.storyboard */,
				A5CEDD5028AC27C200302006 /* Main.storyboard */,
			);
			path = View;
			sourceTree = "<group>";
		};
		A5CEDD8428AD776D00302006 /* Extension */ = {
			isa = PBXGroup;
			children = (
				A5CEDD8228AD772900302006 /* UIButtonExtension.swift */,
			);
			path = Extension;
			sourceTree = "<group>";
		};
/* End PBXGroup section */

/* Begin PBXNativeTarget section */
		A5CEDD4628AC27C200302006 /* USDriver */ = {
			isa = PBXNativeTarget;
			buildConfigurationList = A5CEDD5B28AC27C500302006 /* Build configuration list for PBXNativeTarget "USDriver" */;
			buildPhases = (
				A5CEDD4328AC27C200302006 /* Sources */,
				A5CEDD4428AC27C200302006 /* Frameworks */,
				A5CEDD4528AC27C200302006 /* Resources */,
			);
			buildRules = (
			);
			dependencies = (
			);
			name = USDriver;
			productName = USDriver;
			productReference = A5CEDD4728AC27C200302006 /* USDriver.app */;
			productType = "com.apple.product-type.application";
		};
/* End PBXNativeTarget section */

/* Begin PBXProject section */
		A5CEDD3F28AC27C200302006 /* Project object */ = {
			isa = PBXProject;
			attributes = {
				BuildIndependentTargetsInParallel = 1;
				LastSwiftUpdateCheck = 1340;
				LastUpgradeCheck = 1340;
				TargetAttributes = {
					A5CEDD4628AC27C200302006 = {
						CreatedOnToolsVersion = 13.4.1;
					};
				};
			};
			buildConfigurationList = A5CEDD4228AC27C200302006 /* Build configuration list for PBXProject "USDriver" */;
			compatibilityVersion = "Xcode 13.0";
			developmentRegion = en;
			hasScannedForEncodings = 0;
			knownRegions = (
				en,
				Base,
			);
			mainGroup = A5CEDD3E28AC27C200302006;
			productRefGroup = A5CEDD4828AC27C200302006 /* Products */;
			projectDirPath = "";
			projectRoot = "";
			targets = (
				A5CEDD4628AC27C200302006 /* USDriver */,
			);
		};
/* End PBXProject section */

/* Begin PBXResourcesBuildPhase section */
		A5CEDD4528AC27C200302006 /* Resources */ = {
			isa = PBXResourcesBuildPhase;
			buildActionMask = 2147483647;
			files = (
				A5CEDD5728AC27C500302006 /* LaunchScreen.storyboard in Resources */,
				A5CEDD5428AC27C500302006 /* Assets.xcassets in Resources */,
				A5CEDD5228AC27C200302006 /* Main.storyboard in Resources */,
			);
			runOnlyForDeploymentPostprocessing = 0;
		};
/* End PBXResourcesBuildPhase section */

/* Begin PBXSourcesBuildPhase section */
		A5CEDD4328AC27C200302006 /* Sources */ = {
			isa = PBXSourcesBuildPhase;
			buildActionMask = 2147483647;
			files = (
				A5CEDD6328AC29DD00302006 /* Answer.swift in Sources */,
				A5CEDD7D28ACF31300302006 /* TestViewController.swift in Sources */,
				A5CEDD4F28AC27C200302006 /* StartViewControler.swift in Sources */,
				A5CEDD4B28AC27C200302006 /* AppDelegate.swift in Sources */,
				A5CEDD4D28AC27C200302006 /* SceneDelegate.swift in Sources */,
				A5CEDD6128AC282100302006 /* Card.swift in Sources */,
				A5CEDD6628AC2D1200302006 /* Test.swift in Sources */,
				A5CEDD7F28ACFC1400302006 /* Question.swift in Sources */,
				A5CEDD6828AC313300302006 /* CardsStorage.swift in Sources */,
				A5C0A40E28B63EDF00396B20 /* Settings.swift in Sources */,
				A5CEDD8328AD772900302006 /* UIButtonExtension.swift in Sources */,
			);
			runOnlyForDeploymentPostprocessing = 0;
		};
/* End PBXSourcesBuildPhase section */

/* Begin PBXVariantGroup section */
		A5CEDD5028AC27C200302006 /* Main.storyboard */ = {
			isa = PBXVariantGroup;
			children = (
				A5CEDD5128AC27C200302006 /* Base */,
			);
			name = Main.storyboard;
			sourceTree = "<group>";
		};
		A5CEDD5528AC27C500302006 /* LaunchScreen.storyboard */ = {
			isa = PBXVariantGroup;
			children = (
				A5CEDD5628AC27C500302006 /* Base */,
			);
			name = LaunchScreen.storyboard;
			sourceTree = "<group>";
		};
/* End PBXVariantGroup section */

/* Begin XCBuildConfiguration section */
		A5CEDD5928AC27C500302006 /* Debug */ = {
			isa = XCBuildConfiguration;
			buildSettings = {
				ALWAYS_SEARCH_USER_PATHS = NO;
				CLANG_ANALYZER_NONNULL = YES;
				CLANG_ANALYZER_NUMBER_OBJECT_CONVERSION = YES_AGGRESSIVE;
				CLANG_CXX_LANGUAGE_STANDARD = "gnu++17";
				CLANG_ENABLE_MODULES = YES;
				CLANG_ENABLE_OBJC_ARC = YES;
				CLANG_ENABLE_OBJC_WEAK = YES;
				CLANG_WARN_BLOCK_CAPTURE_AUTORELEASING = YES;
				CLANG_WARN_BOOL_CONVERSION = YES;
				CLANG_WARN_COMMA = YES;
				CLANG_WARN_CONSTANT_CONVERSION = YES;
				CLANG_WARN_DEPRECATED_OBJC_IMPLEMENTATIONS = YES;
				CLANG_WARN_DIRECT_OBJC_ISA_USAGE = YES_ERROR;
				CLANG_WARN_DOCUMENTATION_COMMENTS = YES;
				CLANG_WARN_EMPTY_BODY = YES;
				CLANG_WARN_ENUM_CONVERSION = YES;
				CLANG_WARN_INFINITE_RECURSION = YES;
				CLANG_WARN_INT_CONVERSION = YES;
				CLANG_WARN_NON_LITERAL_NULL_CONVERSION = YES;
				CLANG_WARN_OBJC_IMPLICIT_RETAIN_SELF = YES;
				CLANG_WARN_OBJC_LITERAL_CONVERSION = YES;
				CLANG_WARN_OBJC_ROOT_CLASS = YES_ERROR;
				CLANG_WARN_QUOTED_INCLUDE_IN_FRAMEWORK_HEADER = YES;
				CLANG_WARN_RANGE_LOOP_ANALYSIS = YES;
				CLANG_WARN_STRICT_PROTOTYPES = YES;
				CLANG_WARN_SUSPICIOUS_MOVE = YES;
				CLANG_WARN_UNGUARDED_AVAILABILITY = YES_AGGRESSIVE;
				CLANG_WARN_UNREACHABLE_CODE = YES;
				CLANG_WARN__DUPLICATE_METHOD_MATCH = YES;
				COPY_PHASE_STRIP = NO;
				DEBUG_INFORMATION_FORMAT = dwarf;
				ENABLE_STRICT_OBJC_MSGSEND = YES;
				ENABLE_TESTABILITY = YES;
				GCC_C_LANGUAGE_STANDARD = gnu11;
				GCC_DYNAMIC_NO_PIC = NO;
				GCC_NO_COMMON_BLOCKS = YES;
				GCC_OPTIMIZATION_LEVEL = 0;
				GCC_PREPROCESSOR_DEFINITIONS = (
					"DEBUG=1",
					"$(inherited)",
				);
				GCC_WARN_64_TO_32_BIT_CONVERSION = YES;
				GCC_WARN_ABOUT_RETURN_TYPE = YES_ERROR;
				GCC_WARN_UNDECLARED_SELECTOR = YES;
				GCC_WARN_UNINITIALIZED_AUTOS = YES_AGGRESSIVE;
				GCC_WARN_UNUSED_FUNCTION = YES;
				GCC_WARN_UNUSED_VARIABLE = YES;
				IPHONEOS_DEPLOYMENT_TARGET = 15.5;
				MTL_ENABLE_DEBUG_INFO = INCLUDE_SOURCE;
				MTL_FAST_MATH = YES;
				ONLY_ACTIVE_ARCH = YES;
				SDKROOT = iphoneos;
				SWIFT_ACTIVE_COMPILATION_CONDITIONS = DEBUG;
				SWIFT_OPTIMIZATION_LEVEL = "-Onone";
			};
			name = Debug;
		};
		A5CEDD5A28AC27C500302006 /* Release */ = {
			isa = XCBuildConfiguration;
			buildSettings = {
				ALWAYS_SEARCH_USER_PATHS = NO;
				CLANG_ANALYZER_NONNULL = YES;
				CLANG_ANALYZER_NUMBER_OBJECT_CONVERSION = YES_AGGRESSIVE;
				CLANG_CXX_LANGUAGE_STANDARD = "gnu++17";
				CLANG_ENABLE_MODULES = YES;
				CLANG_ENABLE_OBJC_ARC = YES;
				CLANG_ENABLE_OBJC_WEAK = YES;
				CLANG_WARN_BLOCK_CAPTURE_AUTORELEASING = YES;
				CLANG_WARN_BOOL_CONVERSION = YES;
				CLANG_WARN_COMMA = YES;
				CLANG_WARN_CONSTANT_CONVERSION = YES;
				CLANG_WARN_DEPRECATED_OBJC_IMPLEMENTATIONS = YES;
				CLANG_WARN_DIRECT_OBJC_ISA_USAGE = YES_ERROR;
				CLANG_WARN_DOCUMENTATION_COMMENTS = YES;
				CLANG_WARN_EMPTY_BODY = YES;
				CLANG_WARN_ENUM_CONVERSION = YES;
				CLANG_WARN_INFINITE_RECURSION = YES;
				CLANG_WARN_INT_CONVERSION = YES;
				CLANG_WARN_NON_LITERAL_NULL_CONVERSION = YES;
				CLANG_WARN_OBJC_IMPLICIT_RETAIN_SELF = YES;
				CLANG_WARN_OBJC_LITERAL_CONVERSION = YES;
				CLANG_WARN_OBJC_ROOT_CLASS = YES_ERROR;
				CLANG_WARN_QUOTED_INCLUDE_IN_FRAMEWORK_HEADER = YES;
				CLANG_WARN_RANGE_LOOP_ANALYSIS = YES;
				CLANG_WARN_STRICT_PROTOTYPES = YES;
				CLANG_WARN_SUSPICIOUS_MOVE = YES;
				CLANG_WARN_UNGUARDED_AVAILABILITY = YES_AGGRESSIVE;
				CLANG_WARN_UNREACHABLE_CODE = YES;
				CLANG_WARN__DUPLICATE_METHOD_MATCH = YES;
				COPY_PHASE_STRIP = NO;
				DEBUG_INFORMATION_FORMAT = "dwarf-with-dsym";
				ENABLE_NS_ASSERTIONS = NO;
				ENABLE_STRICT_OBJC_MSGSEND = YES;
				GCC_C_LANGUAGE_STANDARD = gnu11;
				GCC_NO_COMMON_BLOCKS = YES;
				GCC_WARN_64_TO_32_BIT_CONVERSION = YES;
				GCC_WARN_ABOUT_RETURN_TYPE = YES_ERROR;
				GCC_WARN_UNDECLARED_SELECTOR = YES;
				GCC_WARN_UNINITIALIZED_AUTOS = YES_AGGRESSIVE;
				GCC_WARN_UNUSED_FUNCTION = YES;
				GCC_WARN_UNUSED_VARIABLE = YES;
				IPHONEOS_DEPLOYMENT_TARGET = 15.5;
				MTL_ENABLE_DEBUG_INFO = NO;
				MTL_FAST_MATH = YES;
				SDKROOT = iphoneos;
				SWIFT_COMPILATION_MODE = wholemodule;
				SWIFT_OPTIMIZATION_LEVEL = "-O";
				VALIDATE_PRODUCT = YES;
			};
			name = Release;
		};
		A5CEDD5C28AC27C500302006 /* Debug */ = {
			isa = XCBuildConfiguration;
			buildSettings = {
				ASSETCATALOG_COMPILER_APPICON_NAME = AppIcon;
				ASSETCATALOG_COMPILER_GLOBAL_ACCENT_COLOR_NAME = AccentColor;
				CODE_SIGN_STYLE = Automatic;
				CURRENT_PROJECT_VERSION = 1;
				DEVELOPMENT_TEAM = 66Q476X4QM;
				GENERATE_INFOPLIST_FILE = YES;
				INFOPLIST_FILE = USDriver/Info.plist;
				INFOPLIST_KEY_CFBundleDisplayName = Signtist;
				INFOPLIST_KEY_UIApplicationSupportsIndirectInputEvents = YES;
				INFOPLIST_KEY_UILaunchStoryboardName = LaunchScreen;
				INFOPLIST_KEY_UIMainStoryboardFile = Main;
				INFOPLIST_KEY_UISupportedInterfaceOrientations = UIInterfaceOrientationPortrait;
				INFOPLIST_KEY_UISupportedInterfaceOrientations_iPad = "UIInterfaceOrientationPortrait UIInterfaceOrientationPortraitUpsideDown UIInterfaceOrientationLandscapeLeft UIInterfaceOrientationLandscapeRight";
				INFOPLIST_KEY_UISupportedInterfaceOrientations_iPhone = "UIInterfaceOrientationPortrait UIInterfaceOrientationLandscapeLeft UIInterfaceOrientationLandscapeRight";
				LD_RUNPATH_SEARCH_PATHS = (
					"$(inherited)",
					"@executable_path/Frameworks",
				);
				MARKETING_VERSION = 1.0;
				PRODUCT_BUNDLE_IDENTIFIER = boomag77.USDriver;
				PRODUCT_NAME = "$(TARGET_NAME)";
				SWIFT_EMIT_LOC_STRINGS = YES;
				SWIFT_VERSION = 5.0;
				TARGETED_DEVICE_FAMILY = "1,2";
			};
			name = Debug;
		};
		A5CEDD5D28AC27C500302006 /* Release */ = {
			isa = XCBuildConfiguration;
			buildSettings = {
				ASSETCATALOG_COMPILER_APPICON_NAME = AppIcon;
				ASSETCATALOG_COMPILER_GLOBAL_ACCENT_COLOR_NAME = AccentColor;
				CODE_SIGN_STYLE = Automatic;
				CURRENT_PROJECT_VERSION = 1;
				DEVELOPMENT_TEAM = 66Q476X4QM;
				GENERATE_INFOPLIST_FILE = YES;
				INFOPLIST_FILE = USDriver/Info.plist;
				INFOPLIST_KEY_CFBundleDisplayName = Signtist;
				INFOPLIST_KEY_UIApplicationSupportsIndirectInputEvents = YES;
				INFOPLIST_KEY_UILaunchStoryboardName = LaunchScreen;
				INFOPLIST_KEY_UIMainStoryboardFile = Main;
				INFOPLIST_KEY_UISupportedInterfaceOrientations = UIInterfaceOrientationPortrait;
				INFOPLIST_KEY_UISupportedInterfaceOrientations_iPad = "UIInterfaceOrientationPortrait UIInterfaceOrientationPortraitUpsideDown UIInterfaceOrientationLandscapeLeft UIInterfaceOrientationLandscapeRight";
				INFOPLIST_KEY_UISupportedInterfaceOrientations_iPhone = "UIInterfaceOrientationPortrait UIInterfaceOrientationLandscapeLeft UIInterfaceOrientationLandscapeRight";
				LD_RUNPATH_SEARCH_PATHS = (
					"$(inherited)",
					"@executable_path/Frameworks",
				);
				MARKETING_VERSION = 1.0;
				PRODUCT_BUNDLE_IDENTIFIER = boomag77.USDriver;
				PRODUCT_NAME = "$(TARGET_NAME)";
				SWIFT_EMIT_LOC_STRINGS = YES;
				SWIFT_VERSION = 5.0;
				TARGETED_DEVICE_FAMILY = "1,2";
			};
			name = Release;
		};
/* End XCBuildConfiguration section */

/* Begin XCConfigurationList section */
		A5CEDD4228AC27C200302006 /* Build configuration list for PBXProject "USDriver" */ = {
			isa = XCConfigurationList;
			buildConfigurations = (
				A5CEDD5928AC27C500302006 /* Debug */,
				A5CEDD5A28AC27C500302006 /* Release */,
			);
			defaultConfigurationIsVisible = 0;
			defaultConfigurationName = Release;
		};
		A5CEDD5B28AC27C500302006 /* Build configuration list for PBXNativeTarget "USDriver" */ = {
			isa = XCConfigurationList;
			buildConfigurations = (
				A5CEDD5C28AC27C500302006 /* Debug */,
				A5CEDD5D28AC27C500302006 /* Release */,
			);
			defaultConfigurationIsVisible = 0;
			defaultConfigurationName = Release;
		};
/* End XCConfigurationList section */
	};
	rootObject = A5CEDD3F28AC27C200302006 /* Project object */;
}
